<?xml version="1.0" encoding="utf-8"?>
<Project ToolsVersion="4.0" xmlns="http://schemas.microsoft.com/developer/msbuild/2003">
  <ItemGroup>
    <Filter Include="Исходные файлы">
      <UniqueIdentifier>{4FC737F1-C7A5-4376-A066-2A32D752A2FF}</UniqueIdentifier>
      <Extensions>cpp;c;cc;cxx;c++;cppm;ixx;def;odl;idl;hpj;bat;asm;asmx</Extensions>
    </Filter>
    <Filter Include="Файлы заголовков">
      <UniqueIdentifier>{93995380-89BD-4b04-88EB-625FBE52EBFB}</UniqueIdentifier>
      <Extensions>h;hh;hpp;hxx;h++;hm;inl;inc;ipp;xsd</Extensions>
    </Filter>
    <Filter Include="Файлы ресурсов">
      <UniqueIdentifier>{67DA6AB6-F800-4c08-8B7A-83BB121AAD01}</UniqueIdentifier>
      <Extensions>rc;ico;cur;bmp;dlg;rc2;rct;bin;rgs;gif;jpg;jpeg;jpe;resx;tiff;tif;png;wav;mfcribbon-ms</Extensions>
    </Filter>
    <Filter Include="Исходные файлы\Shapes">
      <UniqueIdentifier>{3b13c6e8-9df9-4431-baab-ea7ff368eef3}</UniqueIdentifier>
    </Filter>
    <Filter Include="Файлы заголовков\Shapes">
      <UniqueIdentifier>{349a403d-a92a-413e-b788-28d485764b05}</UniqueIdentifier>
    </Filter>
    <Filter Include="Файлы заголовков\Canvas">
      <UniqueIdentifier>{d57c3b60-12b2-4b0e-a770-e33509c4f4be}</UniqueIdentifier>
    </Filter>
    <Filter Include="Исходные файлы\Canvas">
      <UniqueIdentifier>{ced2580e-f631-4a47-8a91-e240ebd31dec}</UniqueIdentifier>
    </Filter>
    <Filter Include="Исходные файлы\Painter">
      <UniqueIdentifier>{aba35468-9b89-47a6-8f89-6e7b2c9528ff}</UniqueIdentifier>
    </Filter>
    <Filter Include="Файлы заголовков\Painter">
      <UniqueIdentifier>{5b5c3048-c928-4061-9b39-4e473bcb67a1}</UniqueIdentifier>
    </Filter>
    <Filter Include="Файлы заголовков\Draft">
      <UniqueIdentifier>{6a43024f-d419-4248-9411-5a98fd457ba6}</UniqueIdentifier>
    </Filter>
    <Filter Include="Исходные файлы\Draft">
      <UniqueIdentifier>{a2dea804-e9c7-4559-ad19-427a71334e55}</UniqueIdentifier>
    </Filter>
  </ItemGroup>
  <ItemGroup>
    <ClCompile Include="main.cpp">
      <Filter>Исходные файлы</Filter>
    </ClCompile>
    <ClCompile Include="src\canvas\SFMLCanvas.cpp">
      <Filter>Исходные файлы\Canvas</Filter>
    </ClCompile>
    <ClCompile Include="src\painter\Painter.cpp">
      <Filter>Исходные файлы\Painter</Filter>
    </ClCompile>
    <ClCompile Include="src\draft\ShapesContainer.cpp">
      <Filter>Исходные файлы\Draft</Filter>
    </ClCompile>
  </ItemGroup>
  <ItemGroup>
    <ClInclude Include="include\pch.h">
      <Filter>Файлы заголовков</Filter>
    </ClInclude>
    <ClInclude Include="include\shapes\Shape.h">
      <Filter>Файлы заголовков\Shapes</Filter>
    </ClInclude>
    <ClInclude Include="include\include.h">
      <Filter>Файлы заголовков</Filter>
    </ClInclude>
    <ClInclude Include="include\canvas\ICanvas_fwd.h">
      <Filter>Файлы заголовков\Canvas</Filter>
    </ClInclude>
    <ClInclude Include="include\canvas\ICanvas.h">
      <Filter>Файлы заголовков\Canvas</Filter>
    </ClInclude>
    <ClInclude Include="include\canvas\SFMLCanvas.h">
      <Filter>Файлы заголовков\Canvas</Filter>
    </ClInclude>
    <ClInclude Include="include\painter\IPainter_fwd.h">
      <Filter>Файлы заголовков\Painter</Filter>
    </ClInclude>
    <ClInclude Include="include\painter\IPainter.h">
      <Filter>Файлы заголовков\Painter</Filter>
    </ClInclude>
    <ClInclude Include="include\painter\Painter.h">
      <Filter>Файлы заголовков\Painter</Filter>
    </ClInclude>
    <ClInclude Include="include\draft\ShapesContainer.h">
      <Filter>Файлы заголовков\Draft</Filter>
    </ClInclude>
    <ClInclude Include="include\draft\ShapeTypes.h">
      <Filter>Файлы заголовков\Draft</Filter>
    </ClInclude>
  </ItemGroup>
</Project>